
Microsoft Visual Studio Solution File, Format Version 12.00
# Visual Studio Version 16
VisualStudioVersion = 16.0.31729.503
MinimumVisualStudioVersion = 10.0.40219.1
Project("{FAE04EC0-301F-11D3-BF4B-00C04F79EFBC}") = "ProductCatalog", "ProductCatalog\ProductCatalog.csproj", "{C203061B-42FA-49B3-80A4-75EE6029B2BA}"
EndProject
Global
	GlobalSection(SolutionConfigurationPlatforms) = preSolution
		Debug|Any CPU = Debug|Any CPU
		Release|Any CPU = Release|Any CPU
	EndGlobalSection
	GlobalSection(ProjectConfigurationPlatforms) = postSolution
		{C203061B-42FA-49B3-80A4-75EE6029B2BA}.Debug|Any CPU.ActiveCfg = Debug|Any CPU
		{C203061B-42FA-49B3-80A4-75EE6029B2BA}.Debug|Any CPU.Build.0 = Debug|Any CPU
		{C203061B-42FA-49B3-80A4-75EE6029B2BA}.Release|Any CPU.ActiveCfg = Release|Any CPU
		{C203061B-42FA-49B3-80A4-75EE6029B2BA}.Release|Any CPU.Build.0 = Release|Any CPU
	EndGlobalSection
	GlobalSection(SolutionProperties) = preSolution
		HideSolutionNode = FALSE
	EndGlobalSection
	GlobalSection(ExtensibilityGlobals) = postSolution
		SolutionGuid = {F123F6D1-68EB-4A80-AB11-1485D4758E21}
	EndGlobalSection
EndGlobal
